{
    "name": "chat-app-tauri",
    "version": "0.1.0",
    "lockfileVersion": 3,
    "requires": true,
    "packages": {
        "": {
            "name": "chat-app-tauri",
            "version": "0.1.0",
            "license": "MIT",
            "dependencies": {
                "@tauri-apps/api": "^1.4.0",
                "@uploadcare/upload-client": "^6.6.1",
                "framer-motion": "^10.12.2",
                "magic-bytes.js": "^1.0.14",
                "next": "^13.4.8",
                "pusher-js": "^8.1.0",
                "react": "^18.2.0",
                "react-dom": "^18.2.0",
                "react-router-dom": "^6.10.0",
                "swr": "^2.1.5",
                "uuid": "^9.0.0"
            },
            "devDependencies": {
                "@tauri-apps/cli": "^1.4.0",
                "@types/node": "20.1.3",
                "@types/react": "18.0.37",
                "@types/uuid": "^9.0.1",
                "typescript": "5.0.4"
            }
        },
        "node_modules/@emotion/is-prop-valid": {
            "version": "0.8.8",
            "resolved": "https://registry.npmjs.org/@emotion/is-prop-valid/-/is-prop-valid-0.8.8.tgz",
            "integrity": "sha512-u5WtneEAr5IDG2Wv65yhunPSMLIpuKsbuOktRojfrEiEvRyC85LgPMZI63cr7NUqT8ZIGdSVg8ZKGxIug4lXcA==",
            "optional": true,
            "dependencies": {
                "@emotion/memoize": "0.7.4"
            }
        },
        "node_modules/@emotion/memoize": {
            "version": "0.7.4",
            "resolved": "https://registry.npmjs.org/@emotion/memoize/-/memoize-0.7.4.tgz",
            "integrity": "sha512-Ja/Vfqe3HpuzRsG1oBtWTHk2PGZ7GR+2Vz5iYGelAw8dx32K0y7PjVuxK6z1nMpZOqAFsRUPCkK1YjJ56qJlgw==",
            "optional": true
        },
        "node_modules/@next/env": {
            "version": "13.4.8",
            "resolved": "https://registry.npmjs.org/@next/env/-/env-13.4.8.tgz",
            "integrity": "sha512-twuSf1klb3k9wXI7IZhbZGtFCWvGD4wXTY2rmvzIgVhXhs7ISThrbNyutBx3jWIL8Y/Hk9+woytFz5QsgtcRKQ=="
        },
        "node_modules/@next/swc-darwin-arm64": {
            "version": "13.4.8",
            "resolved": "https://registry.npmjs.org/@next/swc-darwin-arm64/-/swc-darwin-arm64-13.4.8.tgz",
            "integrity": "sha512-MSFplVM4dTWOuKAUv0XR9gY7AWtMSBu9os9f+kp+s5rWhM1I2CdR3obFttd6366nS/W/VZxbPM5oEIdlIa46zA==",
            "cpu": [
                "arm64"
            ],
            "optional": true,
            "os": [
                "darwin"
            ],
            "engines": {
                "node": ">= 10"
            }
        },
        "node_modules/@next/swc-darwin-x64": {
            "version": "13.4.8",
            "resolved": "https://registry.npmjs.org/@next/swc-darwin-x64/-/swc-darwin-x64-13.4.8.tgz",
            "integrity": "sha512-Reox+UXgonon9P0WNDE6w85DGtyBqGitl/ryznOvn6TvfxEaZIpTgeu3ZrJLU9dHSMhiK7YAM793mE/Zii2/Qw==",
            "cpu": [
                "x64"
            ],
            "optional": true,
            "os": [
                "darwin"
            ],
            "engines": {
                "node": ">= 10"
            }
        },
        "node_modules/@next/swc-linux-arm64-gnu": {
            "version": "13.4.8",
            "resolved": "https://registry.npmjs.org/@next/swc-linux-arm64-gnu/-/swc-linux-arm64-gnu-13.4.8.tgz",
            "integrity": "sha512-kdyzYvAYtqQVgzIKNN7e1rLU8aZv86FDSRqPlOkKZlvqudvTO0iohuTPmnEEDlECeBM6qRPShNffotDcU/R2KA==",
            "cpu": [
                "arm64"
            ],
            "optional": true,
            "os": [
                "linux"
            ],
            "engines": {
                "node": ">= 10"
            }
        },
        "node_modules/@next/swc-linux-arm64-musl": {
            "version": "13.4.8",
            "resolved": "https://registry.npmjs.org/@next/swc-linux-arm64-musl/-/swc-linux-arm64-musl-13.4.8.tgz",
            "integrity": "sha512-oWxx4yRkUGcR81XwbI+T0zhZ3bDF6V1aVLpG+C7hSG50ULpV8gC39UxVO22/bv93ZlcfMY4zl8xkz9Klct6dpQ==",
            "cpu": [
                "arm64"
            ],
            "optional": true,
            "os": [
                "linux"
            ],
            "engines": {
                "node": ">= 10"
            }
        },
        "node_modules/@next/swc-linux-x64-gnu": {
            "version": "13.4.8",
            "resolved": "https://registry.npmjs.org/@next/swc-linux-x64-gnu/-/swc-linux-x64-gnu-13.4.8.tgz",
            "integrity": "sha512-anhtvuO6eE9YRhYnaEGTfbpH3L5gT/9qPFcNoi6xS432r/4DAtpJY8kNktqkTVevVIC/pVumqO8tV59PR3zbNg==",
            "cpu": [
                "x64"
            ],
            "optional": true,
            "os": [
                "linux"
            ],
            "engines": {
                "node": ">= 10"
            }
        },
        "node_modules/@next/swc-linux-x64-musl": {
            "version": "13.4.8",
            "resolved": "https://registry.npmjs.org/@next/swc-linux-x64-musl/-/swc-linux-x64-musl-13.4.8.tgz",
            "integrity": "sha512-aR+J4wWfNgH1DwCCBNjan7Iumx0lLtn+2/rEYuhIrYLY4vnxqSVGz9u3fXcgUwo6Q9LT8NFkaqK1vPprdq+BXg==",
            "cpu": [
                "x64"
            ],
            "optional": true,
            "os": [
                "linux"
            ],
            "engines": {
                "node": ">= 10"
            }
        },
        "node_modules/@next/swc-win32-arm64-msvc": {
            "version": "13.4.8",
            "resolved": "https://registry.npmjs.org/@next/swc-win32-arm64-msvc/-/swc-win32-arm64-msvc-13.4.8.tgz",
            "integrity": "sha512-OWBKIrJwQBTqrat0xhxEB/jcsjJR3+diD9nc/Y8F1mRdQzsn4bPsomgJyuqPVZs6Lz3K18qdIkvywmfSq75SsQ==",
            "cpu": [
                "arm64"
            ],
            "optional": true,
            "os": [
                "win32"
            ],
            "engines": {
                "node": ">= 10"
            }
        },
        "node_modules/@next/swc-win32-ia32-msvc": {
            "version": "13.4.8",
            "resolved": "https://registry.npmjs.org/@next/swc-win32-ia32-msvc/-/swc-win32-ia32-msvc-13.4.8.tgz",
            "integrity": "sha512-agiPWGjUndXGTOn4ChbKipQXRA6/UPkywAWIkx7BhgGv48TiJfHTK6MGfBoL9tS6B4mtW39++uy0wFPnfD0JWg==",
            "cpu": [
                "ia32"
            ],
            "optional": true,
            "os": [
                "win32"
            ],
            "engines": {
                "node": ">= 10"
            }
        },
        "node_modules/@next/swc-win32-x64-msvc": {
            "version": "13.4.8",
            "resolved": "https://registry.npmjs.org/@next/swc-win32-x64-msvc/-/swc-win32-x64-msvc-13.4.8.tgz",
            "integrity": "sha512-UIRKoByVKbuR6SnFG4JM8EMFlJrfEGuUQ1ihxzEleWcNwRMMiVaCj1KyqfTOW8VTQhJ0u8P1Ngg6q1RwnIBTtw==",
            "cpu": [
                "x64"
            ],
            "optional": true,
            "os": [
                "win32"
            ],
            "engines": {
                "node": ">= 10"
            }
        },
        "node_modules/@remix-run/router": {
            "version": "1.6.3",
            "resolved": "https://registry.npmjs.org/@remix-run/router/-/router-1.6.3.tgz",
            "integrity": "sha512-EXJysQ7J3veRECd0kZFQwYYd5sJMcq2O/m60zu1W2l3oVQ9xtub8jTOtYRE0+M2iomyG/W3Ps7+vp2kna0C27Q==",
            "engines": {
                "node": ">=14"
            }
        },
        "node_modules/@swc/helpers": {
            "version": "0.5.1",
            "resolved": "https://registry.npmjs.org/@swc/helpers/-/helpers-0.5.1.tgz",
            "integrity": "sha512-sJ902EfIzn1Fa+qYmjdQqh8tPsoxyBz+8yBKC2HKUxyezKJFwPGOn7pv4WY6QuQW//ySQi5lJjA/ZT9sNWWNTg==",
            "dependencies": {
                "tslib": "^2.4.0"
            }
        },
        "node_modules/@tauri-apps/api": {
            "version": "1.4.0",
            "resolved": "https://registry.npmjs.org/@tauri-apps/api/-/api-1.4.0.tgz",
            "integrity": "sha512-Jd6HPoTM1PZSFIzq7FB8VmMu3qSSyo/3lSwLpoapW+lQ41CL5Dow2KryLg+gyazA/58DRWI9vu/XpEeHK4uMdw==",
            "engines": {
                "node": ">= 14.6.0",
                "npm": ">= 6.6.0",
                "yarn": ">= 1.19.1"
            },
            "funding": {
                "type": "opencollective",
                "url": "https://opencollective.com/tauri"
            }
        },
        "node_modules/@tauri-apps/cli": {
            "version": "1.4.0",
            "resolved": "https://registry.npmjs.org/@tauri-apps/cli/-/cli-1.4.0.tgz",
            "integrity": "sha512-VXYr2i2iVFl98etQSQsqLzXgX96bnWiNZd1YADgatqwy/qecbd6Kl5ZAPB5R4ynsgE8A1gU7Fbzh7dCEQYFfmA==",
            "dev": true,
            "bin": {
                "tauri": "tauri.js"
            },
            "engines": {
                "node": ">= 10"
            },
            "funding": {
                "type": "opencollective",
                "url": "https://opencollective.com/tauri"
            },
            "optionalDependencies": {
                "@tauri-apps/cli-darwin-arm64": "1.4.0",
                "@tauri-apps/cli-darwin-x64": "1.4.0",
                "@tauri-apps/cli-linux-arm-gnueabihf": "1.4.0",
                "@tauri-apps/cli-linux-arm64-gnu": "1.4.0",
                "@tauri-apps/cli-linux-arm64-musl": "1.4.0",
                "@tauri-apps/cli-linux-x64-gnu": "1.4.0",
                "@tauri-apps/cli-linux-x64-musl": "1.4.0",
                "@tauri-apps/cli-win32-arm64-msvc": "1.4.0",
                "@tauri-apps/cli-win32-ia32-msvc": "1.4.0",
                "@tauri-apps/cli-win32-x64-msvc": "1.4.0"
            }
        },
        "node_modules/@tauri-apps/cli-darwin-arm64": {
            "version": "1.4.0",
            "resolved": "https://registry.npmjs.org/@tauri-apps/cli-darwin-arm64/-/cli-darwin-arm64-1.4.0.tgz",
            "integrity": "sha512-nA/ml0SfUt6/CYLVbHmT500Y+ijqsuv5+s9EBnVXYSLVg9kbPUZJJHluEYK+xKuOj6xzyuT/+rZFMRapmJD3jQ==",
            "cpu": [
                "arm64"
            ],
            "dev": true,
            "optional": true,
            "os": [
                "darwin"
            ],
            "engines": {
                "node": ">= 10"
            }
        },
        "node_modules/@tauri-apps/cli-darwin-x64": {
            "version": "1.4.0",
            "resolved": "https://registry.npmjs.org/@tauri-apps/cli-darwin-x64/-/cli-darwin-x64-1.4.0.tgz",
            "integrity": "sha512-ov/F6Zr+dg9B0PtRu65stFo2G0ow2TUlneqYYrkj+vA3n+moWDHfVty0raDjMLQbQt3rv3uayFMXGPMgble9OA==",
            "cpu": [
                "x64"
            ],
            "dev": true,
            "optional": true,
            "os": [
                "darwin"
            ],
            "engines": {
                "node": ">= 10"
            }
        },
        "node_modules/@tauri-apps/cli-linux-arm-gnueabihf": {
            "version": "1.4.0",
            "resolved": "https://registry.npmjs.org/@tauri-apps/cli-linux-arm-gnueabihf/-/cli-linux-arm-gnueabihf-1.4.0.tgz",
            "integrity": "sha512-zwjbiMncycXDV7doovymyKD7sCg53ouAmfgpUqEBOTY3vgBi9TwijyPhJOqoG5vUVWhouNBC08akGmE4dja15g==",
            "cpu": [
                "arm"
            ],
            "dev": true,
            "optional": true,
            "os": [
                "linux"
            ],
            "engines": {
                "node": ">= 10"
            }
        },
        "node_modules/@tauri-apps/cli-linux-arm64-gnu": {
            "version": "1.4.0",
            "resolved": "https://registry.npmjs.org/@tauri-apps/cli-linux-arm64-gnu/-/cli-linux-arm64-gnu-1.4.0.tgz",
            "integrity": "sha512-5MCBcziqXC72mMXnkZU68mutXIR6zavDxopArE2gQtK841IlE06bIgtLi0kUUhlFJk2nhPRgiDgdLbrPlyt7fw==",
            "cpu": [
                "arm64"
            ],
            "dev": true,
            "optional": true,
            "os": [
                "linux"
            ],
            "engines": {
                "node": ">= 10"
            }
        },
        "node_modules/@tauri-apps/cli-linux-arm64-musl": {
            "version": "1.4.0",
            "resolved": "https://registry.npmjs.org/@tauri-apps/cli-linux-arm64-musl/-/cli-linux-arm64-musl-1.4.0.tgz",
            "integrity": "sha512-7J3pRB6n6uNYgIfCeKt2Oz8J7oSaz2s8GGFRRH2HPxuTHrBNCinzVYm68UhVpJrL3bnGkU0ziVZLsW/iaOGfUg==",
            "cpu": [
                "arm64"
            ],
            "dev": true,
            "optional": true,
            "os": [
                "linux"
            ],
            "engines": {
                "node": ">= 10"
            }
        },
        "node_modules/@tauri-apps/cli-linux-x64-gnu": {
            "version": "1.4.0",
            "resolved": "https://registry.npmjs.org/@tauri-apps/cli-linux-x64-gnu/-/cli-linux-x64-gnu-1.4.0.tgz",
            "integrity": "sha512-Zh5gfAJxOv5AVWxcwuueaQ2vIAhlg0d6nZui6nMyfIJ8dbf3aZQ5ZzP38sYow5h/fbvgL+3GSQxZRBIa3c2E1w==",
            "cpu": [
                "x64"
            ],
            "dev": true,
            "optional": true,
            "os": [
                "linux"
            ],
            "engines": {
                "node": ">= 10"
            }
        },
        "node_modules/@tauri-apps/cli-linux-x64-musl": {
            "version": "1.4.0",
            "resolved": "https://registry.npmjs.org/@tauri-apps/cli-linux-x64-musl/-/cli-linux-x64-musl-1.4.0.tgz",
            "integrity": "sha512-OLAYoICU3FaYiTdBsI+lQTKnDHeMmFMXIApN0M+xGiOkoIOQcV9CConMPjgmJQ867+NHRNgUGlvBEAh9CiJodQ==",
            "cpu": [
                "x64"
            ],
            "dev": true,
            "optional": true,
            "os": [
                "linux"
            ],
            "engines": {
                "node": ">= 10"
            }
        },
        "node_modules/@tauri-apps/cli-win32-arm64-msvc": {
            "version": "1.4.0",
            "resolved": "https://registry.npmjs.org/@tauri-apps/cli-win32-arm64-msvc/-/cli-win32-arm64-msvc-1.4.0.tgz",
            "integrity": "sha512-gZ05GENFbI6CB5MlOUsLlU0kZ9UtHn9riYtSXKT6MYs8HSPRffPHaHSL0WxsJweWh9nR5Hgh/TUU8uW3sYCzCg==",
            "cpu": [
                "arm64"
            ],
            "dev": true,
            "optional": true,
            "os": [
                "win32"
            ],
            "engines": {
                "node": ">= 10"
            }
        },
        "node_modules/@tauri-apps/cli-win32-ia32-msvc": {
            "version": "1.4.0",
            "resolved": "https://registry.npmjs.org/@tauri-apps/cli-win32-ia32-msvc/-/cli-win32-ia32-msvc-1.4.0.tgz",
            "integrity": "sha512-JsetT/lTx/Zq98eo8T5CiRyF1nKeX04RO8JlJrI3ZOYsZpp/A5RJvMd/szQ17iOzwiHdge+tx7k2jHysR6oBlQ==",
            "cpu": [
                "ia32"
            ],
            "dev": true,
            "optional": true,
            "os": [
                "win32"
            ],
            "engines": {
                "node": ">= 10"
            }
        },
        "node_modules/@tauri-apps/cli-win32-x64-msvc": {
            "version": "1.4.0",
            "resolved": "https://registry.npmjs.org/@tauri-apps/cli-win32-x64-msvc/-/cli-win32-x64-msvc-1.4.0.tgz",
            "integrity": "sha512-z8Olcnwp5aYhzqUAarFjqF+oELCjuYWnB2HAJHlfsYNfDCAORY5kct3Fklz8PSsubC3U2EugWn8n42DwnThurg==",
            "cpu": [
                "x64"
            ],
            "dev": true,
            "optional": true,
            "os": [
                "win32"
            ],
            "engines": {
                "node": ">= 10"
            }
        },
        "node_modules/@types/node": {
            "version": "20.1.3",
            "resolved": "https://registry.npmjs.org/@types/node/-/node-20.1.3.tgz",
            "integrity": "sha512-NP2yfZpgmf2eDRPmgGq+fjGjSwFgYbihA8/gK+ey23qT9RkxsgNTZvGOEpXgzIGqesTYkElELLgtKoMQTys5vA==",
            "dev": true
        },
        "node_modules/@types/prop-types": {
            "version": "15.7.5",
            "resolved": "https://registry.npmjs.org/@types/prop-types/-/prop-types-15.7.5.tgz",
            "integrity": "sha512-JCB8C6SnDoQf0cNycqd/35A7MjcnK+ZTqE7judS6o7utxUCg6imJg3QK2qzHKszlTjcj2cn+NwMB2i96ubpj7w==",
            "dev": true
        },
        "node_modules/@types/react": {
            "version": "18.0.37",
            "resolved": "https://registry.npmjs.org/@types/react/-/react-18.0.37.tgz",
            "integrity": "sha512-4yaZZtkRN3ZIQD3KSEwkfcik8s0SWV+82dlJot1AbGYHCzJkWP3ENBY6wYeDRmKZ6HkrgoGAmR2HqdwYGp6OEw==",
            "dev": true,
            "dependencies": {
                "@types/prop-types": "*",
                "@types/scheduler": "*",
                "csstype": "^3.0.2"
            }
        },
        "node_modules/@types/scheduler": {
            "version": "0.16.3",
            "resolved": "https://registry.npmjs.org/@types/scheduler/-/scheduler-0.16.3.tgz",
            "integrity": "sha512-5cJ8CB4yAx7BH1oMvdU0Jh9lrEXyPkar6F9G/ERswkCuvP4KQZfZkSjcMbAICCpQTN4OuZn8tz0HiKv9TGZgrQ==",
            "dev": true
        },
        "node_modules/@types/uuid": {
            "version": "9.0.2",
            "resolved": "https://registry.npmjs.org/@types/uuid/-/uuid-9.0.2.tgz",
            "integrity": "sha512-kNnC1GFBLuhImSnV7w4njQkUiJi0ZXUycu1rUaouPqiKlXkh77JKgdRnTAp1x5eBwcIwbtI+3otwzuIDEuDoxQ==",
            "dev": true
        },
        "node_modules/@uploadcare/upload-client": {
            "version": "6.6.1",
            "resolved": "https://registry.npmjs.org/@uploadcare/upload-client/-/upload-client-6.6.1.tgz",
            "integrity": "sha512-bUePLdFBmuu6gTc1vWwo9Mq9dIWznnY5GY/FqLnWQTsP9/4Ht2hF/CZ8b4oFGipEda1DURcc7XrdTZxywBparQ==",
            "dependencies": {
                "form-data": "^4.0.0",
                "ws": "^8.2.3"
            },
            "engines": {
                "node": ">=16"
            }
        },
        "node_modules/asynckit": {
            "version": "0.4.0",
            "resolved": "https://registry.npmjs.org/asynckit/-/asynckit-0.4.0.tgz",
            "integrity": "sha512-Oei9OH4tRh0YqU3GxhX79dM/mwVgvbZJaSNaRk+bshkj0S5cfHcgYakreBjrHwatXKbz+IoIdYLxrKim2MjW0Q=="
        },
        "node_modules/bufferutil": {
            "version": "4.0.7",
            "resolved": "https://registry.npmjs.org/bufferutil/-/bufferutil-4.0.7.tgz",
            "integrity": "sha512-kukuqc39WOHtdxtw4UScxF/WVnMFVSQVKhtx3AjZJzhd0RGZZldcrfSEbVsWWe6KNH253574cq5F+wpv0G9pJw==",
            "hasInstallScript": true,
            "optional": true,
            "peer": true,
            "dependencies": {
                "node-gyp-build": "^4.3.0"
            },
            "engines": {
                "node": ">=6.14.2"
            }
        },
        "node_modules/busboy": {
            "version": "1.6.0",
            "resolved": "https://registry.npmjs.org/busboy/-/busboy-1.6.0.tgz",
            "integrity": "sha512-8SFQbg/0hQ9xy3UNTB0YEnsNBbWfhf7RtnzpL7TkBiTBRfrQ9Fxcnz7VJsleJpyp6rVLvXiuORqjlHi5q+PYuA==",
            "dependencies": {
                "streamsearch": "^1.1.0"
            },
            "engines": {
                "node": ">=10.16.0"
            }
        },
        "node_modules/caniuse-lite": {
            "version": "1.0.30001506",
            "resolved": "https://registry.npmjs.org/caniuse-lite/-/caniuse-lite-1.0.30001506.tgz",
            "integrity": "sha512-6XNEcpygZMCKaufIcgpQNZNf00GEqc7VQON+9Rd0K1bMYo8xhMZRAo5zpbnbMNizi4YNgIDAFrdykWsvY3H4Hw==",
            "funding": [
                {
                    "type": "opencollective",
                    "url": "https://opencollective.com/browserslist"
                },
                {
                    "type": "tidelift",
                    "url": "https://tidelift.com/funding/github/npm/caniuse-lite"
                },
                {
                    "type": "github",
                    "url": "https://github.com/sponsors/ai"
                }
            ]
        },
        "node_modules/client-only": {
            "version": "0.0.1",
            "resolved": "https://registry.npmjs.org/client-only/-/client-only-0.0.1.tgz",
            "integrity": "sha512-IV3Ou0jSMzZrd3pZ48nLkT9DA7Ag1pnPzaiQhpW7c3RbcqqzvzzVu+L8gfqMp/8IM2MQtSiqaCxrrcfu8I8rMA=="
        },
        "node_modules/combined-stream": {
            "version": "1.0.8",
            "resolved": "https://registry.npmjs.org/combined-stream/-/combined-stream-1.0.8.tgz",
            "integrity": "sha512-FQN4MRfuJeHf7cBbBMJFXhKSDq+2kAArBlmRBvcvFE5BB1HZKXtSFASDhdlz9zOYwxh8lDdnvmMOe/+5cdoEdg==",
            "dependencies": {
                "delayed-stream": "~1.0.0"
            },
            "engines": {
                "node": ">= 0.8"
            }
        },
        "node_modules/csstype": {
            "version": "3.1.2",
            "resolved": "https://registry.npmjs.org/csstype/-/csstype-3.1.2.tgz",
            "integrity": "sha512-I7K1Uu0MBPzaFKg4nI5Q7Vs2t+3gWWW648spaF+Rg7pI9ds18Ugn+lvg4SHczUdKlHI5LWBXyqfS8+DufyBsgQ==",
            "dev": true
        },
        "node_modules/delayed-stream": {
            "version": "1.0.0",
            "resolved": "https://registry.npmjs.org/delayed-stream/-/delayed-stream-1.0.0.tgz",
            "integrity": "sha512-ZySD7Nf91aLB0RxL4KGrKHBXl7Eds1DAmEdcoVawXnLD7SDhpNgtuII2aAkg7a7QS41jxPSZ17p4VdGnMHk3MQ==",
            "engines": {
                "node": ">=0.4.0"
            }
        },
        "node_modules/form-data": {
            "version": "4.0.0",
            "resolved": "https://registry.npmjs.org/form-data/-/form-data-4.0.0.tgz",
            "integrity": "sha512-ETEklSGi5t0QMZuiXoA/Q6vcnxcLQP5vdugSpuAyi6SVGi2clPPp+xgEhuMaHC+zGgn31Kd235W35f7Hykkaww==",
            "dependencies": {
                "asynckit": "^0.4.0",
                "combined-stream": "^1.0.8",
                "mime-types": "^2.1.12"
            },
            "engines": {
                "node": ">= 6"
            }
        },
        "node_modules/framer-motion": {
            "version": "10.12.16",
            "resolved": "https://registry.npmjs.org/framer-motion/-/framer-motion-10.12.16.tgz",
            "integrity": "sha512-w/SfWEIWJkYSgRHYBmln7EhcNo31ao8Xexol8lGXf1pR/tlnBtf1HcxoUmEiEh6pacB4/geku5ami53AAQWHMQ==",
            "dependencies": {
                "tslib": "^2.4.0"
            },
            "optionalDependencies": {
                "@emotion/is-prop-valid": "^0.8.2"
            },
            "peerDependencies": {
                "react": "^18.0.0",
                "react-dom": "^18.0.0"
            },
            "peerDependenciesMeta": {
                "react": {
                    "optional": true
                },
                "react-dom": {
                    "optional": true
                }
            }
        },
        "node_modules/glob-to-regexp": {
            "version": "0.4.1",
            "resolved": "https://registry.npmjs.org/glob-to-regexp/-/glob-to-regexp-0.4.1.tgz",
            "integrity": "sha512-lkX1HJXwyMcprw/5YUZc2s7DrpAiHB21/V+E1rHUrVNokkvB6bqMzT0VfV6/86ZNabt1k14YOIaT7nDvOX3Iiw=="
        },
        "node_modules/graceful-fs": {
            "version": "4.2.11",
            "resolved": "https://registry.npmjs.org/graceful-fs/-/graceful-fs-4.2.11.tgz",
            "integrity": "sha512-RbJ5/jmFcNNCcDV5o9eTnBLJ/HszWV0P73bc+Ff4nS/rJj+YaS6IGyiOL0VoBYX+l1Wrl3k63h/KrH+nhJ0XvQ=="
        },
        "node_modules/js-tokens": {
            "version": "4.0.0",
            "resolved": "https://registry.npmjs.org/js-tokens/-/js-tokens-4.0.0.tgz",
            "integrity": "sha512-RdJUflcE3cUzKiMqQgsCu06FPu9UdIJO0beYbPhHN4k6apgJtifcoCtT9bcxOpYBtpD2kCM6Sbzg4CausW/PKQ=="
        },
        "node_modules/loose-envify": {
            "version": "1.4.0",
            "resolved": "https://registry.npmjs.org/loose-envify/-/loose-envify-1.4.0.tgz",
            "integrity": "sha512-lyuxPGr/Wfhrlem2CL/UcnUc1zcqKAImBDzukY7Y5F/yQiNdko6+fRLevlw1HgMySw7f611UIY408EtxRSoK3Q==",
            "dependencies": {
                "js-tokens": "^3.0.0 || ^4.0.0"
            },
            "bin": {
                "loose-envify": "cli.js"
            }
        },
        "node_modules/magic-bytes.js": {
            "version": "1.0.14",
            "resolved": "https://registry.npmjs.org/magic-bytes.js/-/magic-bytes.js-1.0.14.tgz",
            "integrity": "sha512-Xz644ideT892A7l9JtYLlVp3KjQc8gHJP9rN6H2Mq8OOld6BMU7xiS9rFGYAXeY7Z/yHOYtFSLyFzL8/NaodPw=="
        },
        "node_modules/mime-db": {
            "version": "1.52.0",
            "resolved": "https://registry.npmjs.org/mime-db/-/mime-db-1.52.0.tgz",
            "integrity": "sha512-sPU4uV7dYlvtWJxwwxHD0PuihVNiE7TyAbQ5SWxDCB9mUYvOgroQOwYQQOKPJ8CIbE+1ETVlOoK1UC2nU3gYvg==",
            "engines": {
                "node": ">= 0.6"
            }
        },
        "node_modules/mime-types": {
            "version": "2.1.35",
            "resolved": "https://registry.npmjs.org/mime-types/-/mime-types-2.1.35.tgz",
            "integrity": "sha512-ZDY+bPm5zTTF+YpCrAU9nK0UgICYPT0QtT1NZWFv4s++TNkcgVaT0g6+4R2uI4MjQjzysHB1zxuWL50hzaeXiw==",
            "dependencies": {
                "mime-db": "1.52.0"
            },
            "engines": {
                "node": ">= 0.6"
            }
        },
        "node_modules/nanoid": {
            "version": "3.3.6",
            "resolved": "https://registry.npmjs.org/nanoid/-/nanoid-3.3.6.tgz",
            "integrity": "sha512-BGcqMMJuToF7i1rt+2PWSNVnWIkGCU78jBG3RxO/bZlnZPK2Cmi2QaffxGO/2RvWi9sL+FAiRiXMgsyxQ1DIDA==",
            "funding": [
                {
                    "type": "github",
                    "url": "https://github.com/sponsors/ai"
                }
            ],
            "bin": {
                "nanoid": "bin/nanoid.cjs"
            },
            "engines": {
                "node": "^10 || ^12 || ^13.7 || ^14 || >=15.0.1"
            }
        },
        "node_modules/next": {
            "version": "13.4.8",
            "resolved": "https://registry.npmjs.org/next/-/next-13.4.8.tgz",
            "integrity": "sha512-lxUjndYKjZHGK3CWeN2RI+/6ni6EUvjiqGWXAYPxUfGIdFGQ5XoisrqAJ/dF74aP27buAfs8MKIbIMMdxjqSBg==",
            "dependencies": {
                "@next/env": "13.4.8",
                "@swc/helpers": "0.5.1",
                "busboy": "1.6.0",
                "caniuse-lite": "^1.0.30001406",
                "postcss": "8.4.14",
                "styled-jsx": "5.1.1",
                "watchpack": "2.4.0",
                "zod": "3.21.4"
            },
            "bin": {
                "next": "dist/bin/next"
            },
            "engines": {
                "node": ">=16.8.0"
            },
            "optionalDependencies": {
                "@next/swc-darwin-arm64": "13.4.8",
                "@next/swc-darwin-x64": "13.4.8",
                "@next/swc-linux-arm64-gnu": "13.4.8",
                "@next/swc-linux-arm64-musl": "13.4.8",
                "@next/swc-linux-x64-gnu": "13.4.8",
                "@next/swc-linux-x64-musl": "13.4.8",
                "@next/swc-win32-arm64-msvc": "13.4.8",
                "@next/swc-win32-ia32-msvc": "13.4.8",
                "@next/swc-win32-x64-msvc": "13.4.8"
            },
            "peerDependencies": {
                "@opentelemetry/api": "^1.1.0",
                "fibers": ">= 3.1.0",
                "react": "^18.2.0",
                "react-dom": "^18.2.0",
                "sass": "^1.3.0"
            },
            "peerDependenciesMeta": {
                "@opentelemetry/api": {
                    "optional": true
                },
                "fibers": {
                    "optional": true
                },
                "sass": {
                    "optional": true
                }
            }
        },
        "node_modules/node-gyp-build": {
            "version": "4.6.0",
            "resolved": "https://registry.npmjs.org/node-gyp-build/-/node-gyp-build-4.6.0.tgz",
            "integrity": "sha512-NTZVKn9IylLwUzaKjkas1e4u2DLNcV4rdYagA4PWdPwW87Bi7z+BznyKSRwS/761tV/lzCGXplWsiaMjLqP2zQ==",
            "optional": true,
            "peer": true,
            "bin": {
                "node-gyp-build": "bin.js",
                "node-gyp-build-optional": "optional.js",
                "node-gyp-build-test": "build-test.js"
            }
        },
        "node_modules/picocolors": {
            "version": "1.0.0",
            "resolved": "https://registry.npmjs.org/picocolors/-/picocolors-1.0.0.tgz",
            "integrity": "sha512-1fygroTLlHu66zi26VoTDv8yRgm0Fccecssto+MhsZ0D/DGW2sm8E8AjW7NU5VVTRt5GxbeZ5qBuJr+HyLYkjQ=="
        },
        "node_modules/postcss": {
            "version": "8.4.14",
            "resolved": "https://registry.npmjs.org/postcss/-/postcss-8.4.14.tgz",
            "integrity": "sha512-E398TUmfAYFPBSdzgeieK2Y1+1cpdxJx8yXbK/m57nRhKSmk1GB2tO4lbLBtlkfPQTDKfe4Xqv1ASWPpayPEig==",
            "funding": [
                {
                    "type": "opencollective",
                    "url": "https://opencollective.com/postcss/"
                },
                {
                    "type": "tidelift",
                    "url": "https://tidelift.com/funding/github/npm/postcss"
                }
            ],
            "dependencies": {
                "nanoid": "^3.3.4",
                "picocolors": "^1.0.0",
                "source-map-js": "^1.0.2"
            },
            "engines": {
                "node": "^10 || ^12 || >=14"
            }
        },
        "node_modules/pusher-js": {
            "version": "8.2.0",
            "resolved": "https://registry.npmjs.org/pusher-js/-/pusher-js-8.2.0.tgz",
            "integrity": "sha512-t3WhhR7vgAr5ARl0VNiAqXOb7g4hyW7CNA9Q11tnlcn8dX+1bFZhgRP6IqWVzTX9n7fgjcji3UQ3y8FEMc1o7Q==",
            "dependencies": {
                "tweetnacl": "^1.0.3"
            }
        },
        "node_modules/react": {
            "version": "18.2.0",
            "resolved": "https://registry.npmjs.org/react/-/react-18.2.0.tgz",
            "integrity": "sha512-/3IjMdb2L9QbBdWiW5e3P2/npwMBaU9mHCSCUzNln0ZCYbcfTsGbTJrU/kGemdH2IWmB2ioZ+zkxtmq6g09fGQ==",
            "dependencies": {
                "loose-envify": "^1.1.0"
            },
            "engines": {
                "node": ">=0.10.0"
            }
        },
        "node_modules/react-dom": {
            "version": "18.2.0",
            "resolved": "https://registry.npmjs.org/react-dom/-/react-dom-18.2.0.tgz",
            "integrity": "sha512-6IMTriUmvsjHUjNtEDudZfuDQUoWXVxKHhlEGSk81n4YFS+r/Kl99wXiwlVXtPBtJenozv2P+hxDsw9eA7Xo6g==",
            "dependencies": {
                "loose-envify": "^1.1.0",
                "scheduler": "^0.23.0"
            },
            "peerDependencies": {
                "react": "^18.2.0"
            }
        },
        "node_modules/react-router": {
            "version": "6.13.0",
            "resolved": "https://registry.npmjs.org/react-router/-/react-router-6.13.0.tgz",
            "integrity": "sha512-Si6KnfEnJw7gUQkNa70dlpI1bul46FuSxX5t5WwlUBxE25DAz2BjVkwaK8Y2s242bQrZPXCpmwLPtIO5pv4tXg==",
            "dependencies": {
                "@remix-run/router": "1.6.3"
            },
            "engines": {
                "node": ">=14"
            },
            "peerDependencies": {
                "react": ">=16.8"
            }
        },
        "node_modules/react-router-dom": {
            "version": "6.13.0",
            "resolved": "https://registry.npmjs.org/react-router-dom/-/react-router-dom-6.13.0.tgz",
            "integrity": "sha512-6Nqoqd7fgwxxVGdbiMHTpDHCYPq62d7Wk1Of7B82vH7ZPwwsRaIa22zRZKPPg413R5REVNiyuQPKDG1bubcOFA==",
            "dependencies": {
                "@remix-run/router": "1.6.3",
                "react-router": "6.13.0"
            },
            "engines": {
                "node": ">=14"
            },
            "peerDependencies": {
                "react": ">=16.8",
                "react-dom": ">=16.8"
            }
        },
        "node_modules/scheduler": {
            "version": "0.23.0",
            "resolved": "https://registry.npmjs.org/scheduler/-/scheduler-0.23.0.tgz",
            "integrity": "sha512-CtuThmgHNg7zIZWAXi3AsyIzA3n4xx7aNyjwC2VJldO2LMVDhFK+63xGqq6CsJH4rTAt6/M+N4GhZiDYPx9eUw==",
            "dependencies": {
                "loose-envify": "^1.1.0"
            }
        },
        "node_modules/source-map-js": {
            "version": "1.0.2",
            "resolved": "https://registry.npmjs.org/source-map-js/-/source-map-js-1.0.2.tgz",
            "integrity": "sha512-R0XvVJ9WusLiqTCEiGCmICCMplcCkIwwR11mOSD9CR5u+IXYdiseeEuXCVAjS54zqwkLcPNnmU4OeJ6tUrWhDw==",
            "engines": {
                "node": ">=0.10.0"
            }
        },
        "node_modules/streamsearch": {
            "version": "1.1.0",
            "resolved": "https://registry.npmjs.org/streamsearch/-/streamsearch-1.1.0.tgz",
            "integrity": "sha512-Mcc5wHehp9aXz1ax6bZUyY5afg9u2rv5cqQI3mRrYkGC8rW2hM02jWuwjtL++LS5qinSyhj2QfLyNsuc+VsExg==",
            "engines": {
                "node": ">=10.0.0"
            }
        },
        "node_modules/styled-jsx": {
            "version": "5.1.1",
            "resolved": "https://registry.npmjs.org/styled-jsx/-/styled-jsx-5.1.1.tgz",
            "integrity": "sha512-pW7uC1l4mBZ8ugbiZrcIsiIvVx1UmTfw7UkC3Um2tmfUq9Bhk8IiyEIPl6F8agHgjzku6j0xQEZbfA5uSgSaCw==",
            "dependencies": {
                "client-only": "0.0.1"
            },
            "engines": {
                "node": ">= 12.0.0"
            },
            "peerDependencies": {
                "react": ">= 16.8.0 || 17.x.x || ^18.0.0-0"
            },
            "peerDependenciesMeta": {
                "@babel/core": {
                    "optional": true
                },
                "babel-plugin-macros": {
                    "optional": true
                }
            }
        },
        "node_modules/swr": {
            "version": "2.1.5",
            "resolved": "https://registry.npmjs.org/swr/-/swr-2.1.5.tgz",
            "integrity": "sha512-/OhfZMcEpuz77KavXST5q6XE9nrOBOVcBLWjMT+oAE/kQHyE3PASrevXCtQDZ8aamntOfFkbVJp7Il9tNBQWrw==",
            "dependencies": {
                "use-sync-external-store": "^1.2.0"
            },
            "peerDependencies": {
                "react": "^16.11.0 || ^17.0.0 || ^18.0.0"
            }
        },
        "node_modules/tslib": {
            "version": "2.5.3",
            "resolved": "https://registry.npmjs.org/tslib/-/tslib-2.5.3.tgz",
            "integrity": "sha512-mSxlJJwl3BMEQCUNnxXBU9jP4JBktcEGhURcPR6VQVlnP0FdDEsIaz0C35dXNGLyRfrATNofF0F5p2KPxQgB+w=="
        },
        "node_modules/tweetnacl": {
            "version": "1.0.3",
            "resolved": "https://registry.npmjs.org/tweetnacl/-/tweetnacl-1.0.3.tgz",
            "integrity": "sha512-6rt+RN7aOi1nGMyC4Xa5DdYiukl2UWCbcJft7YhxReBGQD7OAM8Pbxw6YMo4r2diNEA8FEmu32YOn9rhaiE5yw=="
        },
        "node_modules/typescript": {
            "version": "5.0.4",
            "resolved": "https://registry.npmjs.org/typescript/-/typescript-5.0.4.tgz",
            "integrity": "sha512-cW9T5W9xY37cc+jfEnaUvX91foxtHkza3Nw3wkoF4sSlKn0MONdkdEndig/qPBWXNkmplh3NzayQzCiHM4/hqw==",
            "dev": true,
            "bin": {
                "tsc": "bin/tsc",
                "tsserver": "bin/tsserver"
            },
            "engines": {
                "node": ">=12.20"
            }
        },
        "node_modules/use-sync-external-store": {
            "version": "1.2.0",
            "resolved": "https://registry.npmjs.org/use-sync-external-store/-/use-sync-external-store-1.2.0.tgz",
            "integrity": "sha512-eEgnFxGQ1Ife9bzYs6VLi8/4X6CObHMw9Qr9tPY43iKwsPw8xE8+EFsf/2cFZ5S3esXgpWgtSCtLNS41F+sKPA==",
            "peerDependencies": {
                "react": "^16.8.0 || ^17.0.0 || ^18.0.0"
            }
        },
        "node_modules/utf-8-validate": {
            "version": "6.0.3",
            "resolved": "https://registry.npmjs.org/utf-8-validate/-/utf-8-validate-6.0.3.tgz",
            "integrity": "sha512-uIuGf9TWQ/y+0Lp+KGZCMuJWc3N9BHA+l/UmHd/oUHwJJDeysyTRxNQVkbzsIWfGFbRe3OcgML/i0mvVRPOyDA==",
            "hasInstallScript": true,
            "optional": true,
            "peer": true,
            "dependencies": {
                "node-gyp-build": "^4.3.0"
            },
            "engines": {
                "node": ">=6.14.2"
            }
        },
        "node_modules/uuid": {
            "version": "9.0.0",
            "resolved": "https://registry.npmjs.org/uuid/-/uuid-9.0.0.tgz",
            "integrity": "sha512-MXcSTerfPa4uqyzStbRoTgt5XIe3x5+42+q1sDuy3R5MDk66URdLMOZe5aPX/SQd+kuYAh0FdP/pO28IkQyTeg==",
            "bin": {
                "uuid": "dist/bin/uuid"
            }
        },
        "node_modules/watchpack": {
            "version": "2.4.0",
            "resolved": "https://registry.npmjs.org/watchpack/-/watchpack-2.4.0.tgz",
            "integrity": "sha512-Lcvm7MGST/4fup+ifyKi2hjyIAwcdI4HRgtvTpIUxBRhB+RFtUh8XtDOxUfctVCnhVi+QQj49i91OyvzkJl6cg==",
            "dependencies": {
                "glob-to-regexp": "^0.4.1",
                "graceful-fs": "^4.1.2"
            },
            "engines": {
                "node": ">=10.13.0"
            }
        },
        "node_modules/ws": {
            "version": "8.13.0",
            "resolved": "https://registry.npmjs.org/ws/-/ws-8.13.0.tgz",
            "integrity": "sha512-x9vcZYTrFPC7aSIbj7sRCYo7L/Xb8Iy+pW0ng0wt2vCJv7M9HOMy0UoN3rr+IFC7hb7vXoqS+P9ktyLLLhO+LA==",
            "engines": {
                "node": ">=10.0.0"
            },
            "peerDependencies": {
                "bufferutil": "^4.0.1",
                "utf-8-validate": ">=5.0.2"
            },
            "peerDependenciesMeta": {
                "bufferutil": {
                    "optional": true
                },
                "utf-8-validate": {
                    "optional": true
                }
            }
        },
        "node_modules/zod": {
            "version": "3.21.4",
            "resolved": "https://registry.npmjs.org/zod/-/zod-3.21.4.tgz",
            "integrity": "sha512-m46AKbrzKVzOzs/DZgVnG5H55N1sv1M8qZU3A8RIKbs3mrACDNeIOeilDymVb2HdmP8uwshOCF4uJ8uM9rCqJw==",
            "funding": {
                "url": "https://github.com/sponsors/colinhacks"
            }
        }
    }
}
